
Microsoft Visual Studio Solution File, Format Version 11.00
# Visual Studio 2010
Project("{0A906CA0-EF87-4D08-9CA7-C8380245B3FF}") = "HelloWorld", "HelloWorld\HelloWorld.cobraproj", "{A4DBA58B-D763-41F2-A1AA-48C118E85C47}"
EndProject
Project("{0A906CA0-EF87-4D08-9CA7-C8380245B3FF}") = "LibraryProject", "LibraryProject\LibraryProject.cobraproj", "{436C02D8-1CC5-43E4-9691-7B1F52806ECA}"
EndProject
Project("{FAE04EC0-301F-11D3-BF4B-00C04F79EFBC}") = "CSharpLibraryProject", "CSharpLibraryProject\CSharpLibraryProject.csproj", "{35D39198-3E17-460C-8E3E-80E4E78928B0}"
EndProject
Project("{0A906CA0-EF87-4D08-9CA7-C8380245B3FF}") = "HasReferences", "HasReferences\HasReferences.cobraproj", "{32231A06-7ED4-45C3-AB31-45966C62E291}"
EndProject
Global
	GlobalSection(SolutionConfigurationPlatforms) = preSolution
		Debug|x86 = Debug|x86
		Release|x86 = Release|x86
	EndGlobalSection
	GlobalSection(ProjectConfigurationPlatforms) = postSolution
		{32231A06-7ED4-45C3-AB31-45966C62E291}.Debug|x86.ActiveCfg = Debug|x86
		{32231A06-7ED4-45C3-AB31-45966C62E291}.Debug|x86.Build.0 = Debug|x86
		{32231A06-7ED4-45C3-AB31-45966C62E291}.Release|x86.ActiveCfg = Release|x86
		{32231A06-7ED4-45C3-AB31-45966C62E291}.Release|x86.Build.0 = Release|x86
		{35D39198-3E17-460C-8E3E-80E4E78928B0}.Debug|x86.ActiveCfg = Debug|Any CPU
		{35D39198-3E17-460C-8E3E-80E4E78928B0}.Debug|x86.Build.0 = Debug|Any CPU
		{35D39198-3E17-460C-8E3E-80E4E78928B0}.Release|x86.ActiveCfg = Release|Any CPU
		{35D39198-3E17-460C-8E3E-80E4E78928B0}.Release|x86.Build.0 = Release|Any CPU
		{436C02D8-1CC5-43E4-9691-7B1F52806ECA}.Debug|x86.ActiveCfg = Debug|Any CPU
		{436C02D8-1CC5-43E4-9691-7B1F52806ECA}.Debug|x86.Build.0 = Debug|Any CPU
		{436C02D8-1CC5-43E4-9691-7B1F52806ECA}.Release|x86.ActiveCfg = Release|Any CPU
		{436C02D8-1CC5-43E4-9691-7B1F52806ECA}.Release|x86.Build.0 = Release|Any CPU
		{A4DBA58B-D763-41F2-A1AA-48C118E85C47}.Debug|x86.ActiveCfg = Debug|x86
		{A4DBA58B-D763-41F2-A1AA-48C118E85C47}.Debug|x86.Build.0 = Debug|x86
		{A4DBA58B-D763-41F2-A1AA-48C118E85C47}.Release|x86.ActiveCfg = Release|x86
		{A4DBA58B-D763-41F2-A1AA-48C118E85C47}.Release|x86.Build.0 = Release|x86
	EndGlobalSection
	GlobalSection(MonoDevelopProperties) = preSolution
		StartupItem = HelloWorld\HelloWorld.cobraproj
	EndGlobalSection
EndGlobal
