
Microsoft Visual Studio Solution File, Format Version 11.00
# Visual Studio 2010
Project("{0A906CA0-EF87-4D08-9CA7-C8380245B3FF}") = "ErrorTest", "ErrorTest.cobraproj", "{4C63B850-C171-4A6F-B843-9763942EA9E6}"
EndProject
Global
	GlobalSection(SolutionConfigurationPlatforms) = preSolution
		Debug|x86 = Debug|x86
		Release|x86 = Release|x86
	EndGlobalSection
	GlobalSection(ProjectConfigurationPlatforms) = postSolution
		{4C63B850-C171-4A6F-B843-9763942EA9E6}.Debug|x86.ActiveCfg = Debug|x86
		{4C63B850-C171-4A6F-B843-9763942EA9E6}.Debug|x86.Build.0 = Debug|x86
		{4C63B850-C171-4A6F-B843-9763942EA9E6}.Release|x86.ActiveCfg = Release|x86
		{4C63B850-C171-4A6F-B843-9763942EA9E6}.Release|x86.Build.0 = Release|x86
	EndGlobalSection
	GlobalSection(MonoDevelopProperties) = preSolution
		StartupItem = ErrorTest.cobraproj
	EndGlobalSection
EndGlobal
